
Microsoft Visual Studio Solution File, Format Version 12.00
# Visual Studio Version 17
VisualStudioVersion = 17.14.36310.24
MinimumVisualStudioVersion = 10.0.40219.1
Project("{8BC9CEB8-8B4A-11D0-8D11-00A0C91BC942}") = "App", "App\App.vcxproj", "{0C754A9F-E68B-4E1B-AD00-89691F8502A5}"
	ProjectSection(ProjectDependencies) = postProject
		{8473A483-591C-4EFB-87CE-FE7774916D73} = {8473A483-591C-4EFB-87CE-FE7774916D73}
		{D832C0FF-30FD-4D1F-8F88-01C6EF5A69E8} = {D832C0FF-30FD-4D1F-8F88-01C6EF5A69E8}
	EndProjectSection
EndProject
Project("{8BC9CEB8-8B4A-11D0-8D11-00A0C91BC942}") = "Graphic", "Graphic\Graphic.vcxproj", "{8473A483-591C-4EFB-87CE-FE7774916D73}"
EndProject
Project("{8BC9CEB8-8B4A-11D0-8D11-00A0C91BC942}") = "Game", "Game\Game.vcxproj", "{D832C0FF-30FD-4D1F-8F88-01C6EF5A69E8}"
EndProject
Global
	GlobalSection(SolutionConfigurationPlatforms) = preSolution
		Debug|x64 = Debug|x64
		Release|x64 = Release|x64
	EndGlobalSection
	GlobalSection(ProjectConfigurationPlatforms) = postSolution
		{0C754A9F-E68B-4E1B-AD00-89691F8502A5}.Debug|x64.ActiveCfg = Debug|x64
		{0C754A9F-E68B-4E1B-AD00-89691F8502A5}.Debug|x64.Build.0 = Debug|x64
		{0C754A9F-E68B-4E1B-AD00-89691F8502A5}.Release|x64.ActiveCfg = Release|x64
		{0C754A9F-E68B-4E1B-AD00-89691F8502A5}.Release|x64.Build.0 = Release|x64
		{8473A483-591C-4EFB-87CE-FE7774916D73}.Debug|x64.ActiveCfg = Debug|x64
		{8473A483-591C-4EFB-87CE-FE7774916D73}.Debug|x64.Build.0 = Debug|x64
		{8473A483-591C-4EFB-87CE-FE7774916D73}.Release|x64.ActiveCfg = Release|x64
		{8473A483-591C-4EFB-87CE-FE7774916D73}.Release|x64.Build.0 = Release|x64
		{D832C0FF-30FD-4D1F-8F88-01C6EF5A69E8}.Debug|x64.ActiveCfg = Debug|x64
		{D832C0FF-30FD-4D1F-8F88-01C6EF5A69E8}.Debug|x64.Build.0 = Debug|x64
		{D832C0FF-30FD-4D1F-8F88-01C6EF5A69E8}.Release|x64.ActiveCfg = Release|x64
		{D832C0FF-30FD-4D1F-8F88-01C6EF5A69E8}.Release|x64.Build.0 = Release|x64
	EndGlobalSection
	GlobalSection(SolutionProperties) = preSolution
		HideSolutionNode = FALSE
	EndGlobalSection
	GlobalSection(ExtensibilityGlobals) = postSolution
		SolutionGuid = {E2DFCD8A-7260-4ACB-B5C3-457406D918E7}
	EndGlobalSection
EndGlobal
